
Microsoft Visual Studio Solution File, Format Version 12.00
# Visual Studio 14
VisualStudioVersion = 14.0.23107.0
MinimumVisualStudioVersion = 10.0.40219.1
Project("{FAE04EC0-301F-11D3-BF4B-00C04F79EFBC}") = "GBSharp", "GBSharp\GBSharp.csproj", "{74F31C6A-1985-4549-AF66-29483E416003}"
EndProject
Project("{FAE04EC0-301F-11D3-BF4B-00C04F79EFBC}") = "GBSharpTest", "GBSharpTest\GBSharpTest.csproj", "{9DBA9308-9370-41C7-9712-8A7FF3CC1B18}"
EndProject
Project("{FAE04EC0-301F-11D3-BF4B-00C04F79EFBC}") = "GBSharp.View", "GBSharp.View\GBSharp.View.csproj", "{766A1CC8-2D5F-412E-8383-AB8052806364}"
EndProject
Project("{FAE04EC0-301F-11D3-BF4B-00C04F79EFBC}") = "GBSharp.ViewModel", "GBSharp.ViewModel\GBSharp.ViewModel.csproj", "{80655729-0EDD-4365-831E-F7AA496D0B36}"
EndProject
Project("{FAE04EC0-301F-11D3-BF4B-00C04F79EFBC}") = "GBSharp.Audio", "GBSharp.Audio\GBSharp.Audio.csproj", "{914A7DED-ADEA-4EC6-BEFA-5F728F5C66EE}"
EndProject
Global
	GlobalSection(SolutionConfigurationPlatforms) = preSolution
		Debug|Any CPU = Debug|Any CPU
		Debug|x64 = Debug|x64
		Debug|x86 = Debug|x86
		Release|Any CPU = Release|Any CPU
		Release|x64 = Release|x64
		Release|x86 = Release|x86
	EndGlobalSection
	GlobalSection(ProjectConfigurationPlatforms) = postSolution
		{74F31C6A-1985-4549-AF66-29483E416003}.Debug|Any CPU.ActiveCfg = Debug|Any CPU
		{74F31C6A-1985-4549-AF66-29483E416003}.Debug|Any CPU.Build.0 = Debug|Any CPU
		{74F31C6A-1985-4549-AF66-29483E416003}.Debug|x64.ActiveCfg = Debug|Any CPU
		{74F31C6A-1985-4549-AF66-29483E416003}.Debug|x64.Build.0 = Debug|Any CPU
		{74F31C6A-1985-4549-AF66-29483E416003}.Debug|x86.ActiveCfg = Debug|Any CPU
		{74F31C6A-1985-4549-AF66-29483E416003}.Debug|x86.Build.0 = Debug|Any CPU
		{74F31C6A-1985-4549-AF66-29483E416003}.Release|Any CPU.ActiveCfg = Release|Any CPU
		{74F31C6A-1985-4549-AF66-29483E416003}.Release|Any CPU.Build.0 = Release|Any CPU
		{74F31C6A-1985-4549-AF66-29483E416003}.Release|x64.ActiveCfg = Release|Any CPU
		{74F31C6A-1985-4549-AF66-29483E416003}.Release|x64.Build.0 = Release|Any CPU
		{74F31C6A-1985-4549-AF66-29483E416003}.Release|x86.ActiveCfg = Release|Any CPU
		{74F31C6A-1985-4549-AF66-29483E416003}.Release|x86.Build.0 = Release|Any CPU
		{9DBA9308-9370-41C7-9712-8A7FF3CC1B18}.Debug|Any CPU.ActiveCfg = Debug|Any CPU
		{9DBA9308-9370-41C7-9712-8A7FF3CC1B18}.Debug|Any CPU.Build.0 = Debug|Any CPU
		{9DBA9308-9370-41C7-9712-8A7FF3CC1B18}.Debug|x64.ActiveCfg = Debug|Any CPU
		{9DBA9308-9370-41C7-9712-8A7FF3CC1B18}.Debug|x64.Build.0 = Debug|Any CPU
		{9DBA9308-9370-41C7-9712-8A7FF3CC1B18}.Debug|x86.ActiveCfg = Debug|Any CPU
		{9DBA9308-9370-41C7-9712-8A7FF3CC1B18}.Debug|x86.Build.0 = Debug|Any CPU
		{9DBA9308-9370-41C7-9712-8A7FF3CC1B18}.Release|Any CPU.ActiveCfg = Release|Any CPU
		{9DBA9308-9370-41C7-9712-8A7FF3CC1B18}.Release|Any CPU.Build.0 = Release|Any CPU
		{9DBA9308-9370-41C7-9712-8A7FF3CC1B18}.Release|x64.ActiveCfg = Release|Any CPU
		{9DBA9308-9370-41C7-9712-8A7FF3CC1B18}.Release|x64.Build.0 = Release|Any CPU
		{9DBA9308-9370-41C7-9712-8A7FF3CC1B18}.Release|x86.ActiveCfg = Release|Any CPU
		{9DBA9308-9370-41C7-9712-8A7FF3CC1B18}.Release|x86.Build.0 = Release|Any CPU
		{766A1CC8-2D5F-412E-8383-AB8052806364}.Debug|Any CPU.ActiveCfg = Debug|Any CPU
		{766A1CC8-2D5F-412E-8383-AB8052806364}.Debug|Any CPU.Build.0 = Debug|Any CPU
		{766A1CC8-2D5F-412E-8383-AB8052806364}.Debug|x64.ActiveCfg = Debug|Any CPU
		{766A1CC8-2D5F-412E-8383-AB8052806364}.Debug|x64.Build.0 = Debug|Any CPU
		{766A1CC8-2D5F-412E-8383-AB8052806364}.Debug|x86.ActiveCfg = Debug|Any CPU
		{766A1CC8-2D5F-412E-8383-AB8052806364}.Debug|x86.Build.0 = Debug|Any CPU
		{766A1CC8-2D5F-412E-8383-AB8052806364}.Release|Any CPU.ActiveCfg = Release|Any CPU
		{766A1CC8-2D5F-412E-8383-AB8052806364}.Release|Any CPU.Build.0 = Release|Any CPU
		{766A1CC8-2D5F-412E-8383-AB8052806364}.Release|x64.ActiveCfg = Release|Any CPU
		{766A1CC8-2D5F-412E-8383-AB8052806364}.Release|x64.Build.0 = Release|Any CPU
		{766A1CC8-2D5F-412E-8383-AB8052806364}.Release|x86.ActiveCfg = Release|Any CPU
		{766A1CC8-2D5F-412E-8383-AB8052806364}.Release|x86.Build.0 = Release|Any CPU
		{80655729-0EDD-4365-831E-F7AA496D0B36}.Debug|Any CPU.ActiveCfg = Debug|Any CPU
		{80655729-0EDD-4365-831E-F7AA496D0B36}.Debug|Any CPU.Build.0 = Debug|Any CPU
		{80655729-0EDD-4365-831E-F7AA496D0B36}.Debug|x64.ActiveCfg = Debug|Any CPU
		{80655729-0EDD-4365-831E-F7AA496D0B36}.Debug|x64.Build.0 = Debug|Any CPU
		{80655729-0EDD-4365-831E-F7AA496D0B36}.Debug|x86.ActiveCfg = Debug|Any CPU
		{80655729-0EDD-4365-831E-F7AA496D0B36}.Debug|x86.Build.0 = Debug|Any CPU
		{80655729-0EDD-4365-831E-F7AA496D0B36}.Release|Any CPU.ActiveCfg = Release|Any CPU
		{80655729-0EDD-4365-831E-F7AA496D0B36}.Release|Any CPU.Build.0 = Release|Any CPU
		{80655729-0EDD-4365-831E-F7AA496D0B36}.Release|x64.ActiveCfg = Release|Any CPU
		{80655729-0EDD-4365-831E-F7AA496D0B36}.Release|x64.Build.0 = Release|Any CPU
		{80655729-0EDD-4365-831E-F7AA496D0B36}.Release|x86.ActiveCfg = Release|Any CPU
		{80655729-0EDD-4365-831E-F7AA496D0B36}.Release|x86.Build.0 = Release|Any CPU
		{914A7DED-ADEA-4EC6-BEFA-5F728F5C66EE}.Debug|Any CPU.ActiveCfg = Debug|Any CPU
		{914A7DED-ADEA-4EC6-BEFA-5F728F5C66EE}.Debug|Any CPU.Build.0 = Debug|Any CPU
		{914A7DED-ADEA-4EC6-BEFA-5F728F5C66EE}.Debug|x64.ActiveCfg = Debug|Any CPU
		{914A7DED-ADEA-4EC6-BEFA-5F728F5C66EE}.Debug|x64.Build.0 = Debug|Any CPU
		{914A7DED-ADEA-4EC6-BEFA-5F728F5C66EE}.Debug|x86.ActiveCfg = Debug|Any CPU
		{914A7DED-ADEA-4EC6-BEFA-5F728F5C66EE}.Debug|x86.Build.0 = Debug|Any CPU
		{914A7DED-ADEA-4EC6-BEFA-5F728F5C66EE}.Release|Any CPU.ActiveCfg = Release|Any CPU
		{914A7DED-ADEA-4EC6-BEFA-5F728F5C66EE}.Release|Any CPU.Build.0 = Release|Any CPU
		{914A7DED-ADEA-4EC6-BEFA-5F728F5C66EE}.Release|x64.ActiveCfg = Release|Any CPU
		{914A7DED-ADEA-4EC6-BEFA-5F728F5C66EE}.Release|x64.Build.0 = Release|Any CPU
		{914A7DED-ADEA-4EC6-BEFA-5F728F5C66EE}.Release|x86.ActiveCfg = Release|Any CPU
		{914A7DED-ADEA-4EC6-BEFA-5F728F5C66EE}.Release|x86.Build.0 = Release|Any CPU
	EndGlobalSection
	GlobalSection(SolutionProperties) = preSolution
		HideSolutionNode = FALSE
	EndGlobalSection
EndGlobal
